
Microsoft Visual Studio Solution File, Format Version 12.00
# Visual Studio Version 16
VisualStudioVersion = 16.0.28803.202
MinimumVisualStudioVersion = 10.0.40219.1
Project("{FAE04EC0-301F-11D3-BF4B-00C04F79EFBC}") = "ListBuddy", "ListBuddy\ListBuddy.csproj", "{C26ADF24-64B9-4B76-8C92-4A56DA54632F}"
EndProject
Global
	GlobalSection(SolutionConfigurationPlatforms) = preSolution
		Debug|Any CPU = Debug|Any CPU
		Release|Any CPU = Release|Any CPU
	EndGlobalSection
	GlobalSection(ProjectConfigurationPlatforms) = postSolution
		{C26ADF24-64B9-4B76-8C92-4A56DA54632F}.Debug|Any CPU.ActiveCfg = Debug|Any CPU
		{C26ADF24-64B9-4B76-8C92-4A56DA54632F}.Debug|Any CPU.Build.0 = Debug|Any CPU
		{C26ADF24-64B9-4B76-8C92-4A56DA54632F}.Release|Any CPU.ActiveCfg = Release|Any CPU
		{C26ADF24-64B9-4B76-8C92-4A56DA54632F}.Release|Any CPU.Build.0 = Release|Any CPU
	EndGlobalSection
	GlobalSection(SolutionProperties) = preSolution
		HideSolutionNode = FALSE
	EndGlobalSection
	GlobalSection(ExtensibilityGlobals) = postSolution
		SolutionGuid = {E5E26C50-4822-41A9-AFF2-2F3FF1D29138}
	EndGlobalSection
EndGlobal
